
Microsoft Visual Studio Solution File, Format Version 12.00
# Visual Studio Version 16
VisualStudioVersion = 16.0.29509.3
MinimumVisualStudioVersion = 10.0.40219.1
Project("{FAE04EC0-301F-11D3-BF4B-00C04F79EFBC}") = "Remove_duplicates", "Remove_duplicates\Remove_duplicates.csproj", "{B53F52BE-2A7C-40CE-8163-59B75D4FB4DA}"
EndProject
Global
	GlobalSection(SolutionConfigurationPlatforms) = preSolution
		Debug|Any CPU = Debug|Any CPU
		Release|Any CPU = Release|Any CPU
	EndGlobalSection
	GlobalSection(ProjectConfigurationPlatforms) = postSolution
		{B53F52BE-2A7C-40CE-8163-59B75D4FB4DA}.Debug|Any CPU.ActiveCfg = Debug|Any CPU
		{B53F52BE-2A7C-40CE-8163-59B75D4FB4DA}.Debug|Any CPU.Build.0 = Debug|Any CPU
		{B53F52BE-2A7C-40CE-8163-59B75D4FB4DA}.Release|Any CPU.ActiveCfg = Release|Any CPU
		{B53F52BE-2A7C-40CE-8163-59B75D4FB4DA}.Release|Any CPU.Build.0 = Release|Any CPU
	EndGlobalSection
	GlobalSection(SolutionProperties) = preSolution
		HideSolutionNode = FALSE
	EndGlobalSection
	GlobalSection(ExtensibilityGlobals) = postSolution
		SolutionGuid = {AE0841E5-E135-4B0B-8EF2-CD0051A2D0D8}
	EndGlobalSection
EndGlobal